
Microsoft Visual Studio Solution File, Format Version 12.00
# Visual Studio Version 16
VisualStudioVersion = 16.0.29905.134
MinimumVisualStudioVersion = 10.0.40219.1
Project("{FAE04EC0-301F-11D3-BF4B-00C04F79EFBC}") = "com.strava.v3.api", "com.strava.v3.api\com.strava.v3.api.csproj", "{39618510-C742-4106-AA06-67B3A4643860}"
EndProject
Global
	GlobalSection(SolutionConfigurationPlatforms) = preSolution
		Debug|Any CPU = Debug|Any CPU
		Release|Any CPU = Release|Any CPU
	EndGlobalSection
	GlobalSection(ProjectConfigurationPlatforms) = postSolution
		{39618510-C742-4106-AA06-67B3A4643860}.Debug|Any CPU.ActiveCfg = Debug|Any CPU
		{39618510-C742-4106-AA06-67B3A4643860}.Debug|Any CPU.Build.0 = Debug|Any CPU
		{39618510-C742-4106-AA06-67B3A4643860}.Release|Any CPU.ActiveCfg = Release|Any CPU
		{39618510-C742-4106-AA06-67B3A4643860}.Release|Any CPU.Build.0 = Release|Any CPU
	EndGlobalSection
	GlobalSection(SolutionProperties) = preSolution
		HideSolutionNode = FALSE
	EndGlobalSection
	GlobalSection(ExtensibilityGlobals) = postSolution
		SolutionGuid = {41186532-5369-49F2-8933-D0B734A720A6}
	EndGlobalSection
EndGlobal
